
Microsoft Visual Studio Solution File, Format Version 12.00
# Visual Studio Version 17
VisualStudioVersion = 17.14.36310.24 d17.14
MinimumVisualStudioVersion = 10.0.40219.1
Project("{FAE04EC0-301F-11D3-BF4B-00C04F79EFBC}") = "ExchangeConnectionsViewer", "ExchangeConnectionsViewer.csproj", "{5B45EC2F-A510-6FA3-2AA7-50C00586FF4E}"
EndProject
Global
	GlobalSection(SolutionConfigurationPlatforms) = preSolution
		Debug|Any CPU = Debug|Any CPU
		Release|Any CPU = Release|Any CPU
	EndGlobalSection
	GlobalSection(ProjectConfigurationPlatforms) = postSolution
		{5B45EC2F-A510-6FA3-2AA7-50C00586FF4E}.Debug|Any CPU.ActiveCfg = Debug|Any CPU
		{5B45EC2F-A510-6FA3-2AA7-50C00586FF4E}.Debug|Any CPU.Build.0 = Debug|Any CPU
		{5B45EC2F-A510-6FA3-2AA7-50C00586FF4E}.Release|Any CPU.ActiveCfg = Release|Any CPU
		{5B45EC2F-A510-6FA3-2AA7-50C00586FF4E}.Release|Any CPU.Build.0 = Release|Any CPU
	EndGlobalSection
	GlobalSection(SolutionProperties) = preSolution
		HideSolutionNode = FALSE
	EndGlobalSection
	GlobalSection(ExtensibilityGlobals) = postSolution
		SolutionGuid = {66B7E472-33D4-41F5-946F-9BC1A857EC01}
	EndGlobalSection
EndGlobal
